{
  "nodes": {
    "lsfg-vk-flake": {
      "inputs": {
        "nixpkgs": [
          "nixpkgs"
        ]
      },
      "locked": {
        "lastModified": 1756367273,
        "narHash": "sha256-u7/qG5xQxW+o51R2lBPj0NxU3oFrUwj78UlCKKNHGAc=",
        "owner": "pabloaul",
        "repo": "lsfg-vk-flake",
        "rev": "62aadfc844b2002abe47cbbc9dfd028033376248",
        "type": "github"
      },
      "original": {
        "owner": "pabloaul",
        "ref": "main",
        "repo": "lsfg-vk-flake",
        "type": "github"
      }
    },
    "nixpkgs": {
      "locked": {
        "lastModified": 1759036355,
        "narHash": "sha256-0m27AKv6ka+q270dw48KflE0LwQYrO7Fm4/2//KCVWg=",
        "owner": "nixos",
        "repo": "nixpkgs",
        "rev": "e9f00bd893984bc8ce46c895c3bf7cac95331127",
        "type": "github"
      },
      "original": {
        "owner": "nixos",
        "ref": "nixos-unstable",
        "repo": "nixpkgs",
        "type": "github"
      }
    },
    "root": {
      "inputs": {
        "lsfg-vk-flake": "lsfg-vk-flake",
        "nixpkgs": "nixpkgs"
      }
    }
  },
  "root": "root",
  "version": 7
}
